<?xml version="1.0" encoding="utf-8"?>
<Project ToolsVersion="4.0" xmlns="http://schemas.microsoft.com/developer/msbuild/2003">
  <ItemGroup>
    <Filter Include="API">
      <UniqueIdentifier>{FFD1870B-6BDB-877C-F456-9E7C605F937C}</UniqueIdentifier>
    </Filter>
    <Filter Include="API\OpenGL">
      <UniqueIdentifier>{536662E4-3F1E-A431-A825-7D8D94FC3E22}</UniqueIdentifier>
    </Filter>
    <Filter Include="Cyclope">
      <UniqueIdentifier>{D451BA4A-4031-39E6-4949-C4BCB5A79F47}</UniqueIdentifier>
    </Filter>
    <Filter Include="Game">
      <UniqueIdentifier>{7FA9857C-6BE0-860D-14CD-6C1000E3020F}</UniqueIdentifier>
    </Filter>
    <Filter Include="ImGui">
      <UniqueIdentifier>{C0FF640D-2C14-8DBE-F595-301E616989EF}</UniqueIdentifier>
    </Filter>
    <Filter Include="Input">
      <UniqueIdentifier>{953A660D-014F-8EBE-CAD0-311E36A48AEF}</UniqueIdentifier>
    </Filter>
    <Filter Include="Maths">
      <UniqueIdentifier>{028BA70D-6E9F-CFBE-3721-731EA3F4CBEF}</UniqueIdentifier>
    </Filter>
    <Filter Include="NativeScripting">
      <UniqueIdentifier>{5FB25D4E-CB3D-CB12-D44E-4E0740592713}</UniqueIdentifier>
    </Filter>
    <Filter Include="Rendering">
      <UniqueIdentifier>{E3AE1F7C-4F19-D4F2-9857-85980401B247}</UniqueIdentifier>
    </Filter>
  </ItemGroup>
  <ItemGroup>
    <ClInclude Include="src\API\OpenGL\OpenGLBuffer.h">
      <Filter>API\OpenGL</Filter>
    </ClInclude>
    <ClInclude Include="src\API\OpenGL\OpenGLFramebuffer.h">
      <Filter>API\OpenGL</Filter>
    </ClInclude>
    <ClInclude Include="src\API\OpenGL\OpenGLShader.h">
      <Filter>API\OpenGL</Filter>
    </ClInclude>
    <ClInclude Include="src\API\OpenGL\OpenGLTexture.h">
      <Filter>API\OpenGL</Filter>
    </ClInclude>
    <ClInclude Include="src\API\OpenGL\OpenGLVertexArray.h">
      <Filter>API\OpenGL</Filter>
    </ClInclude>
    <ClInclude Include="src\Cyclope.h" />
    <ClInclude Include="src\Cyclope\Application.h">
      <Filter>Cyclope</Filter>
    </ClInclude>
    <ClInclude Include="src\Cyclope\Core.h">
      <Filter>Cyclope</Filter>
    </ClInclude>
    <ClInclude Include="src\Cyclope\EntryPoint.h">
      <Filter>Cyclope</Filter>
    </ClInclude>
    <ClInclude Include="src\Cyclope\Layer.h">
      <Filter>Cyclope</Filter>
    </ClInclude>
    <ClInclude Include="src\Cyclope\LayerStack.h">
      <Filter>Cyclope</Filter>
    </ClInclude>
    <ClInclude Include="src\Cyclope\Util.h">
      <Filter>Cyclope</Filter>
    </ClInclude>
    <ClInclude Include="src\Cyclope\Window.h">
      <Filter>Cyclope</Filter>
    </ClInclude>
    <ClInclude Include="src\Game\Components.h">
      <Filter>Game</Filter>
    </ClInclude>
    <ClInclude Include="src\Game\Entity.h">
      <Filter>Game</Filter>
    </ClInclude>
    <ClInclude Include="src\Game\Scene.h">
      <Filter>Game</Filter>
    </ClInclude>
    <ClInclude Include="src\Game\ScriptableEntity.h">
      <Filter>Game</Filter>
    </ClInclude>
    <ClInclude Include="src\ImGui\ImGuiLayer.h">
      <Filter>ImGui</Filter>
    </ClInclude>
    <ClInclude Include="src\Input\Input.h">
      <Filter>Input</Filter>
    </ClInclude>
    <ClInclude Include="src\Input\Time.h">
      <Filter>Input</Filter>
    </ClInclude>
    <ClInclude Include="src\Maths\Maths.h">
      <Filter>Maths</Filter>
    </ClInclude>
    <ClInclude Include="src\NativeScripting\DLLLoader.h">
      <Filter>NativeScripting</Filter>
    </ClInclude>
    <ClInclude Include="src\NativeScripting\Scripting.h">
      <Filter>NativeScripting</Filter>
    </ClInclude>
    <ClInclude Include="src\Rendering\Buffer.h">
      <Filter>Rendering</Filter>
    </ClInclude>
    <ClInclude Include="src\Rendering\Camera.h">
      <Filter>Rendering</Filter>
    </ClInclude>
    <ClInclude Include="src\Rendering\Framebuffer.h">
      <Filter>Rendering</Filter>
    </ClInclude>
    <ClInclude Include="src\Rendering\Mesh.h">
      <Filter>Rendering</Filter>
    </ClInclude>
    <ClInclude Include="src\Rendering\Rendering.h">
      <Filter>Rendering</Filter>
    </ClInclude>
    <ClInclude Include="src\Rendering\Shader.h">
      <Filter>Rendering</Filter>
    </ClInclude>
    <ClInclude Include="src\Rendering\Texture.h">
      <Filter>Rendering</Filter>
    </ClInclude>
    <ClInclude Include="src\Rendering\VertexArray.h">
      <Filter>Rendering</Filter>
    </ClInclude>
  </ItemGroup>
  <ItemGroup>
    <ClCompile Include="src\API\OpenGL\OpenGLBuffer.cpp">
      <Filter>API\OpenGL</Filter>
    </ClCompile>
    <ClCompile Include="src\API\OpenGL\OpenGLFramebuffer.cpp">
      <Filter>API\OpenGL</Filter>
    </ClCompile>
    <ClCompile Include="src\API\OpenGL\OpenGLShader.cpp">
      <Filter>API\OpenGL</Filter>
    </ClCompile>
    <ClCompile Include="src\API\OpenGL\OpenGLTexture.cpp">
      <Filter>API\OpenGL</Filter>
    </ClCompile>
    <ClCompile Include="src\API\OpenGL\OpenGLVertexArray.cpp">
      <Filter>API\OpenGL</Filter>
    </ClCompile>
    <ClCompile Include="src\Cyclope\Application.cpp">
      <Filter>Cyclope</Filter>
    </ClCompile>
    <ClCompile Include="src\Cyclope\LayerStack.cpp">
      <Filter>Cyclope</Filter>
    </ClCompile>
    <ClCompile Include="src\Cyclope\Window.cpp">
      <Filter>Cyclope</Filter>
    </ClCompile>
    <ClCompile Include="src\Game\Entity.cpp">
      <Filter>Game</Filter>
    </ClCompile>
    <ClCompile Include="src\Game\Scene.cpp">
      <Filter>Game</Filter>
    </ClCompile>
    <ClCompile Include="src\ImGui\ImGuiLayer.cpp">
      <Filter>ImGui</Filter>
    </ClCompile>
    <ClCompile Include="src\Input\Input.cpp">
      <Filter>Input</Filter>
    </ClCompile>
    <ClCompile Include="src\Input\Time.cpp">
      <Filter>Input</Filter>
    </ClCompile>
    <ClCompile Include="src\Maths\Maths.cpp">
      <Filter>Maths</Filter>
    </ClCompile>
    <ClCompile Include="src\NativeScripting\DLLLoader.cpp">
      <Filter>NativeScripting</Filter>
    </ClCompile>
    <ClCompile Include="src\Rendering\Buffer.cpp">
      <Filter>Rendering</Filter>
    </ClCompile>
    <ClCompile Include="src\Rendering\Camera.cpp">
      <Filter>Rendering</Filter>
    </ClCompile>
    <ClCompile Include="src\Rendering\Framebuffer.cpp">
      <Filter>Rendering</Filter>
    </ClCompile>
    <ClCompile Include="src\Rendering\Rendering.cpp">
      <Filter>Rendering</Filter>
    </ClCompile>
    <ClCompile Include="src\Rendering\Shader.cpp">
      <Filter>Rendering</Filter>
    </ClCompile>
    <ClCompile Include="src\Rendering\Texture.cpp">
      <Filter>Rendering</Filter>
    </ClCompile>
    <ClCompile Include="src\Rendering\VertexArray.cpp">
      <Filter>Rendering</Filter>
    </ClCompile>
  </ItemGroup>
</Project>