<?xml version="1.0" encoding="utf-8"?>
<Project ToolsVersion="4.0" xmlns="http://schemas.microsoft.com/developer/msbuild/2003">
  <ItemGroup>
    <Filter Include="SceneView">
      <UniqueIdentifier>{EE8D907A-5AF8-44F1-A336-F6960FE02246}</UniqueIdentifier>
    </Filter>
    <Filter Include="Scripting">
      <UniqueIdentifier>{985A7358-04C5-27CF-4D03-D974B9AC0524}</UniqueIdentifier>
    </Filter>
  </ItemGroup>
  <ItemGroup>
    <ClInclude Include="src\OBJLoader.h" />
    <ClInclude Include="src\SceneView\SceneViewCamera.h">
      <Filter>SceneView</Filter>
    </ClInclude>
    <ClInclude Include="src\Scripting\Comp.h">
      <Filter>Scripting</Filter>
    </ClInclude>
    <ClInclude Include="src\Layers\EditorLayer.h" />
  </ItemGroup>
  <ItemGroup>
    <ClCompile Include="src\App.cpp" />
    <ClCompile Include="src\SceneView\SceneViewCamera.cpp" />
    <ClCompile Include="src\Layers\EditorLayer.cpp" />
  </ItemGroup>
</Project>